// !$*UTF8*$!
{
	archiveVersion = 1;
	classes = {
	};
	objectVersion = 50;
	objects = {

/* Begin PBXBuildFile section */
		B6EA396E24EE191100A931E4 /* AppDelegate.swift in Sources */ = {isa = PBXBuildFile; fileRef = B6EA396D24EE191100A931E4 /* AppDelegate.swift */; };
		B6EA397024EE191100A931E4 /* SceneDelegate.swift in Sources */ = {isa = PBXBuildFile; fileRef = B6EA396F24EE191100A931E4 /* SceneDelegate.swift */; };
		B6EA397224EE191100A931E4 /* ViewController.swift in Sources */ = {isa = PBXBuildFile; fileRef = B6EA397124EE191100A931E4 /* ViewController.swift */; };
		B6EA397524EE191100A931E4 /* Main.storyboard in Resources */ = {isa = PBXBuildFile; fileRef = B6EA397324EE191100A931E4 /* Main.storyboard */; };
		B6EA397724EE191300A931E4 /* Assets.xcassets in Resources */ = {isa = PBXBuildFile; fileRef = B6EA397624EE191300A931E4 /* Assets.xcassets */; };
		B6EA397A24EE191300A931E4 /* LaunchScreen.storyboard in Resources */ = {isa = PBXBuildFile; fileRef = B6EA397824EE191300A931E4 /* LaunchScreen.storyboard */; };
		B6EA398524EE191300A931E4 /* TipCalculatorTests.swift in Sources */ = {isa = PBXBuildFile; fileRef = B6EA398424EE191300A931E4 /* TipCalculatorTests.swift */; };
		B6EA399024EE191300A931E4 /* TipCalculatorUITests.swift in Sources */ = {isa = PBXBuildFile; fileRef = B6EA398F24EE191300A931E4 /* TipCalculatorUITests.swift */; };
/* End PBXBuildFile section */

/* Begin PBXContainerItemProxy section */
		B6EA398124EE191300A931E4 /* PBXContainerItemProxy */ = {
			isa = PBXContainerItemProxy;
			containerPortal = B6EA396224EE191000A931E4 /* Project object */;
			proxyType = 1;
			remoteGlobalIDString = B6EA396924EE191000A931E4;
			remoteInfo = TipCalculator;
		};
		B6EA398C24EE191300A931E4 /* PBXContainerItemProxy */ = {
			isa = PBXContainerItemProxy;
			containerPortal = B6EA396224EE191000A931E4 /* Project object */;
			proxyType = 1;
			remoteGlobalIDString = B6EA396924EE191000A931E4;
			remoteInfo = TipCalculator;
		};
/* End PBXContainerItemProxy section */

/* Begin PBXFileReference section */
		B6EA396A24EE191100A931E4 /* TipCalculator.app */ = {isa = PBXFileReference; explicitFileType = wrapper.application; includeInIndex = 0; path = TipCalculator.app; sourceTree = BUILT_PRODUCTS_DIR; };
		B6EA396D24EE191100A931E4 /* AppDelegate.swift */ = {isa = PBXFileReference; lastKnownFileType = sourcecode.swift; path = AppDelegate.swift; sourceTree = "<group>"; };
		B6EA396F24EE191100A931E4 /* SceneDelegate.swift */ = {isa = PBXFileReference; lastKnownFileType = sourcecode.swift; path = SceneDelegate.swift; sourceTree = "<group>"; };
		B6EA397124EE191100A931E4 /* ViewController.swift */ = {isa = PBXFileReference; lastKnownFileType = sourcecode.swift; path = ViewController.swift; sourceTree = "<group>"; };
		B6EA397424EE191100A931E4 /* Base */ = {isa = PBXFileReference; lastKnownFileType = file.storyboard; name = Base; path = Base.lproj/Main.storyboard; sourceTree = "<group>"; };
		B6EA397624EE191300A931E4 /* Assets.xcassets */ = {isa = PBXFileReference; lastKnownFileType = folder.assetcatalog; path = Assets.xcassets; sourceTree = "<group>"; };
		B6EA397924EE191300A931E4 /* Base */ = {isa = PBXFileReference; lastKnownFileType = file.storyboard; name = Base; path = Base.lproj/LaunchScreen.storyboard; sourceTree = "<group>"; };
		B6EA397B24EE191300A931E4 /* Info.plist */ = {isa = PBXFileReference; lastKnownFileType = text.plist.xml; path = Info.plist; sourceTree = "<group>"; };
		B6EA398024EE191300A931E4 /* TipCalculatorTests.xctest */ = {isa = PBXFileReference; explicitFileType = wrapper.cfbundle; includeInIndex = 0; path = TipCalculatorTests.xctest; sourceTree = BUILT_PRODUCTS_DIR; };
		B6EA398424EE191300A931E4 /* TipCalculatorTests.swift */ = {isa = PBXFileReference; lastKnownFileType = sourcecode.swift; path = TipCalculatorTests.swift; sourceTree = "<group>"; };
		B6EA398624EE191300A931E4 /* Info.plist */ = {isa = PBXFileReference; lastKnownFileType = text.plist.xml; path = Info.plist; sourceTree = "<group>"; };
		B6EA398B24EE191300A931E4 /* TipCalculatorUITests.xctest */ = {isa = PBXFileReference; explicitFileType = wrapper.cfbundle; includeInIndex = 0; path = TipCalculatorUITests.xctest; sourceTree = BUILT_PRODUCTS_DIR; };
		B6EA398F24EE191300A931E4 /* TipCalculatorUITests.swift */ = {isa = PBXFileReference; lastKnownFileType = sourcecode.swift; path = TipCalculatorUITests.swift; sourceTree = "<group>"; };
		B6EA399124EE191300A931E4 /* Info.plist */ = {isa = PBXFileReference; lastKnownFileType = text.plist.xml; path = Info.plist; sourceTree = "<group>"; };
/* End PBXFileReference section */

/* Begin PBXFrameworksBuildPhase section */
		B6EA396724EE191000A931E4 /* Frameworks */ = {
			isa = PBXFrameworksBuildPhase;
			buildActionMask = 2147483647;
			files = (
			);
			runOnlyForDeploymentPostprocessing = 0;
		};
		B6EA397D24EE191300A931E4 /* Frameworks */ = {
			isa = PBXFrameworksBuildPhase;
			buildActionMask = 2147483647;
			files = (
			);
			runOnlyForDeploymentPostprocessing = 0;
		};
		B6EA398824EE191300A931E4 /* Frameworks */ = {
			isa = PBXFrameworksBuildPhase;
			buildActionMask = 2147483647;
			files = (
			);
			runOnlyForDeploymentPostprocessing = 0;
		};
/* End PBXFrameworksBuildPhase section */

/* Begin PBXGroup section */
		B6EA396124EE191000A931E4 = {
			isa = PBXGroup;
			children = (
				B6EA396C24EE191100A931E4 /* TipCalculator */,
				B6EA398324EE191300A931E4 /* TipCalculatorTests */,
				B6EA398E24EE191300A931E4 /* TipCalculatorUITests */,
				B6EA396B24EE191100A931E4 /* Products */,
			);
			sourceTree = "<group>";
		};
		B6EA396B24EE191100A931E4 /* Products */ = {
			isa = PBXGroup;
			children = (
				B6EA396A24EE191100A931E4 /* TipCalculator.app */,
				B6EA398024EE191300A931E4 /* TipCalculatorTests.xctest */,
				B6EA398B24EE191300A931E4 /* TipCalculatorUITests.xctest */,
			);
			name = Products;
			sourceTree = "<group>";
		};
		B6EA396C24EE191100A931E4 /* TipCalculator */ = {
			isa = PBXGroup;
			children = (
				B6EA396D24EE191100A931E4 /* AppDelegate.swift */,
				B6EA396F24EE191100A931E4 /* SceneDelegate.swift */,
				B6EA397124EE191100A931E4 /* ViewController.swift */,
				B6EA397324EE191100A931E4 /* Main.storyboard */,
				B6EA397624EE191300A931E4 /* Assets.xcassets */,
				B6EA397824EE191300A931E4 /* LaunchScreen.storyboard */,
				B6EA397B24EE191300A931E4 /* Info.plist */,
			);
			path = TipCalculator;
			sourceTree = "<group>";
		};
		B6EA398324EE191300A931E4 /* TipCalculatorTests */ = {
			isa = PBXGroup;
			children = (
				B6EA398424EE191300A931E4 /* TipCalculatorTests.swift */,
				B6EA398624EE191300A931E4 /* Info.plist */,
			);
			path = TipCalculatorTests;
			sourceTree = "<group>";
		};
		B6EA398E24EE191300A931E4 /* TipCalculatorUITests */ = {
			isa = PBXGroup;
			children = (
				B6EA398F24EE191300A931E4 /* TipCalculatorUITests.swift */,
				B6EA399124EE191300A931E4 /* Info.plist */,
			);
			path = TipCalculatorUITests;
			sourceTree = "<group>";
		};
/* End PBXGroup section */

/* Begin PBXNativeTarget section */
		B6EA396924EE191000A931E4 /* TipCalculator */ = {
			isa = PBXNativeTarget;
			buildConfigurationList = B6EA399424EE191300A931E4 /* Build configuration list for PBXNativeTarget "TipCalculator" */;
			buildPhases = (
				B6EA396624EE191000A931E4 /* Sources */,
				B6EA396724EE191000A931E4 /* Frameworks */,
				B6EA396824EE191000A931E4 /* Resources */,
			);
			buildRules = (
			);
			dependencies = (
			);
			name = TipCalculator;
			productName = TipCalculator;
			productReference = B6EA396A24EE191100A931E4 /* TipCalculator.app */;
			productType = "com.apple.product-type.application";
		};
		B6EA397F24EE191300A931E4 /* TipCalculatorTests */ = {
			isa = PBXNativeTarget;
			buildConfigurationList = B6EA399724EE191300A931E4 /* Build configuration list for PBXNativeTarget "TipCalculatorTests" */;
			buildPhases = (
				B6EA397C24EE191300A931E4 /* Sources */,
				B6EA397D24EE191300A931E4 /* Frameworks */,
				B6EA397E24EE191300A931E4 /* Resources */,
			);
			buildRules = (
			);
			dependencies = (
				B6EA398224EE191300A931E4 /* PBXTargetDependency */,
			);
			name = TipCalculatorTests;
			productName = TipCalculatorTests;
			productReference = B6EA398024EE191300A931E4 /* TipCalculatorTests.xctest */;
			productType = "com.apple.product-type.bundle.unit-test";
		};
		B6EA398A24EE191300A931E4 /* TipCalculatorUITests */ = {
			isa = PBXNativeTarget;
			buildConfigurationList = B6EA399A24EE191300A931E4 /* Build configuration list for PBXNativeTarget "TipCalculatorUITests" */;
			buildPhases = (
				B6EA398724EE191300A931E4 /* Sources */,
				B6EA398824EE191300A931E4 /* Frameworks */,
				B6EA398924EE191300A931E4 /* Resources */,
			);
			buildRules = (
			);
			dependencies = (
				B6EA398D24EE191300A931E4 /* PBXTargetDependency */,
			);
			name = TipCalculatorUITests;
			productName = TipCalculatorUITests;
			productReference = B6EA398B24EE191300A931E4 /* TipCalculatorUITests.xctest */;
			productType = "com.apple.product-type.bundle.ui-testing";
		};
/* End PBXNativeTarget section */

/* Begin PBXProject section */
		B6EA396224EE191000A931E4 /* Project object */ = {
			isa = PBXProject;
			attributes = {
				LastSwiftUpdateCheck = 1160;
				LastUpgradeCheck = 1160;
				ORGANIZATIONNAME = SindhuRam;
				TargetAttributes = {
					B6EA396924EE191000A931E4 = {
						CreatedOnToolsVersion = 11.6;
					};
					B6EA397F24EE191300A931E4 = {
						CreatedOnToolsVersion = 11.6;
						TestTargetID = B6EA396924EE191000A931E4;
					};
					B6EA398A24EE191300A931E4 = {
						CreatedOnToolsVersion = 11.6;
						TestTargetID = B6EA396924EE191000A931E4;
					};
				};
			};
			buildConfigurationList = B6EA396524EE191000A931E4 /* Build configuration list for PBXProject "TipCalculator" */;
			compatibilityVersion = "Xcode 9.3";
			developmentRegion = en;
			hasScannedForEncodings = 0;
			knownRegions = (
				en,
				Base,
			);
			mainGroup = B6EA396124EE191000A931E4;
			productRefGroup = B6EA396B24EE191100A931E4 /* Products */;
			projectDirPath = "";
			projectRoot = "";
			targets = (
				B6EA396924EE191000A931E4 /* TipCalculator */,
				B6EA397F24EE191300A931E4 /* TipCalculatorTests */,
				B6EA398A24EE191300A931E4 /* TipCalculatorUITests */,
			);
		};
/* End PBXProject section */

/* Begin PBXResourcesBuildPhase section */
		B6EA396824EE191000A931E4 /* Resources */ = {
			isa = PBXResourcesBuildPhase;
			buildActionMask = 2147483647;
			files = (
				B6EA397A24EE191300A931E4 /* LaunchScreen.storyboard in Resources */,
				B6EA397724EE191300A931E4 /* Assets.xcassets in Resources */,
				B6EA397524EE191100A931E4 /* Main.storyboard in Resources */,
			);
			runOnlyForDeploymentPostprocessing = 0;
		};
		B6EA397E24EE191300A931E4 /* Resources */ = {
			isa = PBXResourcesBuildPhase;
			buildActionMask = 2147483647;
			files = (
			);
			runOnlyForDeploymentPostprocessing = 0;
		};
		B6EA398924EE191300A931E4 /* Resources */ = {
			isa = PBXResourcesBuildPhase;
			buildActionMask = 2147483647;
			files = (
			);
			runOnlyForDeploymentPostprocessing = 0;
		};
/* End PBXResourcesBuildPhase section */

/* Begin PBXSourcesBuildPhase section */
		B6EA396624EE191000A931E4 /* Sources */ = {
			isa = PBXSourcesBuildPhase;
			buildActionMask = 2147483647;
			files = (
				B6EA397224EE191100A931E4 /* ViewController.swift in Sources */,
				B6EA396E24EE191100A931E4 /* AppDelegate.swift in Sources */,
				B6EA397024EE191100A931E4 /* SceneDelegate.swift in Sources */,
			);
			runOnlyForDeploymentPostprocessing = 0;
		};
		B6EA397C24EE191300A931E4 /* Sources */ = {
			isa = PBXSourcesBuildPhase;
			buildActionMask = 2147483647;
			files = (
				B6EA398524EE191300A931E4 /* TipCalculatorTests.swift in Sources */,
			);
			runOnlyForDeploymentPostprocessing = 0;
		};
		B6EA398724EE191300A931E4 /* Sources */ = {
			isa = PBXSourcesBuildPhase;
			buildActionMask = 2147483647;
			files = (
				B6EA399024EE191300A931E4 /* TipCalculatorUITests.swift in Sources */,
			);
			runOnlyForDeploymentPostprocessing = 0;
		};
/* End PBXSourcesBuildPhase section */

/* Begin PBXTargetDependency section */
		B6EA398224EE191300A931E4 /* PBXTargetDependency */ = {
			isa = PBXTargetDependency;
			target = B6EA396924EE191000A931E4 /* TipCalculator */;
			targetProxy = B6EA398124EE191300A931E4 /* PBXContainerItemProxy */;
		};
		B6EA398D24EE191300A931E4 /* PBXTargetDependency */ = {
			isa = PBXTargetDependency;
			target = B6EA396924EE191000A931E4 /* TipCalculator */;
			targetProxy = B6EA398C24EE191300A931E4 /* PBXContainerItemProxy */;
		};
/* End PBXTargetDependency section */

/* Begin PBXVariantGroup section */
		B6EA397324EE191100A931E4 /* Main.storyboard */ = {
			isa = PBXVariantGroup;
			children = (
				B6EA397424EE191100A931E4 /* Base */,
			);
			name = Main.storyboard;
			sourceTree = "<group>";
		};
		B6EA397824EE191300A931E4 /* LaunchScreen.storyboard */ = {
			isa = PBXVariantGroup;
			children = (
				B6EA397924EE191300A931E4 /* Base */,
			);
			name = LaunchScreen.storyboard;
			sourceTree = "<group>";
		};
/* End PBXVariantGroup section */

/* Begin XCBuildConfiguration section */
		B6EA399224EE191300A931E4 /* Debug */ = {
			isa = XCBuildConfiguration;
			buildSettings = {
				ALWAYS_SEARCH_USER_PATHS = NO;
				CLANG_ANALYZER_NONNULL = YES;
				CLANG_ANALYZER_NUMBER_OBJECT_CONVERSION = YES_AGGRESSIVE;
				CLANG_CXX_LANGUAGE_STANDARD = "gnu++14";
				CLANG_CXX_LIBRARY = "libc++";
				CLANG_ENABLE_MODULES = YES;
				CLANG_ENABLE_OBJC_ARC = YES;
				CLANG_ENABLE_OBJC_WEAK = YES;
				CLANG_WARN_BLOCK_CAPTURE_AUTORELEASING = YES;
				CLANG_WARN_BOOL_CONVERSION = YES;
				CLANG_WARN_COMMA = YES;
				CLANG_WARN_CONSTANT_CONVERSION = YES;
				CLANG_WARN_DEPRECATED_OBJC_IMPLEMENTATIONS = YES;
				CLANG_WARN_DIRECT_OBJC_ISA_USAGE = YES_ERROR;
				CLANG_WARN_DOCUMENTATION_COMMENTS = YES;
				CLANG_WARN_EMPTY_BODY = YES;
				CLANG_WARN_ENUM_CONVERSION = YES;
				CLANG_WARN_INFINITE_RECURSION = YES;
				CLANG_WARN_INT_CONVERSION = YES;
				CLANG_WARN_NON_LITERAL_NULL_CONVERSION = YES;
				CLANG_WARN_OBJC_IMPLICIT_RETAIN_SELF = YES;
				CLANG_WARN_OBJC_LITERAL_CONVERSION = YES;
				CLANG_WARN_OBJC_ROOT_CLASS = YES_ERROR;
				CLANG_WARN_RANGE_LOOP_ANALYSIS = YES;
				CLANG_WARN_STRICT_PROTOTYPES = YES;
				CLANG_WARN_SUSPICIOUS_MOVE = YES;
				CLANG_WARN_UNGUARDED_AVAILABILITY = YES_AGGRESSIVE;
				CLANG_WARN_UNREACHABLE_CODE = YES;
				CLANG_WARN__DUPLICATE_METHOD_MATCH = YES;
				COPY_PHASE_STRIP = NO;
				DEBUG_INFORMATION_FORMAT = dwarf;
				ENABLE_STRICT_OBJC_MSGSEND = YES;
				ENABLE_TESTABILITY = YES;
				GCC_C_LANGUAGE_STANDARD = gnu11;
				GCC_DYNAMIC_NO_PIC = NO;
				GCC_NO_COMMON_BLOCKS = YES;
				GCC_OPTIMIZATION_LEVEL = 0;
				GCC_PREPROCESSOR_DEFINITIONS = (
					"DEBUG=1",
					"$(inherited)",
				);
				GCC_WARN_64_TO_32_BIT_CONVERSION = YES;
				GCC_WARN_ABOUT_RETURN_TYPE = YES_ERROR;
				GCC_WARN_UNDECLARED_SELECTOR = YES;
				GCC_WARN_UNINITIALIZED_AUTOS = YES_AGGRESSIVE;
				GCC_WARN_UNUSED_FUNCTION = YES;
				GCC_WARN_UNUSED_VARIABLE = YES;
				IPHONEOS_DEPLOYMENT_TARGET = 13.6;
				MTL_ENABLE_DEBUG_INFO = INCLUDE_SOURCE;
				MTL_FAST_MATH = YES;
				ONLY_ACTIVE_ARCH = YES;
				SDKROOT = iphoneos;
				SWIFT_ACTIVE_COMPILATION_CONDITIONS = DEBUG;
				SWIFT_OPTIMIZATION_LEVEL = "-Onone";
			};
			name = Debug;
		};
		B6EA399324EE191300A931E4 /* Release */ = {
			isa = XCBuildConfiguration;
			buildSettings = {
				ALWAYS_SEARCH_USER_PATHS = NO;
				CLANG_ANALYZER_NONNULL = YES;
				CLANG_ANALYZER_NUMBER_OBJECT_CONVERSION = YES_AGGRESSIVE;
				CLANG_CXX_LANGUAGE_STANDARD = "gnu++14";
				CLANG_CXX_LIBRARY = "libc++";
				CLANG_ENABLE_MODULES = YES;
				CLANG_ENABLE_OBJC_ARC = YES;
				CLANG_ENABLE_OBJC_WEAK = YES;
				CLANG_WARN_BLOCK_CAPTURE_AUTORELEASING = YES;
				CLANG_WARN_BOOL_CONVERSION = YES;
				CLANG_WARN_COMMA = YES;
				CLANG_WARN_CONSTANT_CONVERSION = YES;
				CLANG_WARN_DEPRECATED_OBJC_IMPLEMENTATIONS = YES;
				CLANG_WARN_DIRECT_OBJC_ISA_USAGE = YES_ERROR;
				CLANG_WARN_DOCUMENTATION_COMMENTS = YES;
				CLANG_WARN_EMPTY_BODY = YES;
				CLANG_WARN_ENUM_CONVERSION = YES;
				CLANG_WARN_INFINITE_RECURSION = YES;
				CLANG_WARN_INT_CONVERSION = YES;
				CLANG_WARN_NON_LITERAL_NULL_CONVERSION = YES;
				CLANG_WARN_OBJC_IMPLICIT_RETAIN_SELF = YES;
				CLANG_WARN_OBJC_LITERAL_CONVERSION = YES;
				CLANG_WARN_OBJC_ROOT_CLASS = YES_ERROR;
				CLANG_WARN_RANGE_LOOP_ANALYSIS = YES;
				CLANG_WARN_STRICT_PROTOTYPES = YES;
				CLANG_WARN_SUSPICIOUS_MOVE = YES;
				CLANG_WARN_UNGUARDED_AVAILABILITY = YES_AGGRESSIVE;
				CLANG_WARN_UNREACHABLE_CODE = YES;
				CLANG_WARN__DUPLICATE_METHOD_MATCH = YES;
				COPY_PHASE_STRIP = NO;
				DEBUG_INFORMATION_FORMAT = "dwarf-with-dsym";
				ENABLE_NS_ASSERTIONS = NO;
				ENABLE_STRICT_OBJC_MSGSEND = YES;
				GCC_C_LANGUAGE_STANDARD = gnu11;
				GCC_NO_COMMON_BLOCKS = YES;
				GCC_WARN_64_TO_32_BIT_CONVERSION = YES;
				GCC_WARN_ABOUT_RETURN_TYPE = YES_ERROR;
				GCC_WARN_UNDECLARED_SELECTOR = YES;
				GCC_WARN_UNINITIALIZED_AUTOS = YES_AGGRESSIVE;
				GCC_WARN_UNUSED_FUNCTION = YES;
				GCC_WARN_UNUSED_VARIABLE = YES;
				IPHONEOS_DEPLOYMENT_TARGET = 13.6;
				MTL_ENABLE_DEBUG_INFO = NO;
				MTL_FAST_MATH = YES;
				SDKROOT = iphoneos;
				SWIFT_COMPILATION_MODE = wholemodule;
				SWIFT_OPTIMIZATION_LEVEL = "-O";
				VALIDATE_PRODUCT = YES;
			};
			name = Release;
		};
		B6EA399524EE191300A931E4 /* Debug */ = {
			isa = XCBuildConfiguration;
			buildSettings = {
				ASSETCATALOG_COMPILER_APPICON_NAME = AppIcon;
				CODE_SIGN_STYLE = Automatic;
				INFOPLIST_FILE = TipCalculator/Info.plist;
				LD_RUNPATH_SEARCH_PATHS = (
					"$(inherited)",
					"@executable_path/Frameworks",
				);
				PRODUCT_BUNDLE_IDENTIFIER = SindhuRam.TipCalculator;
				PRODUCT_NAME = "$(TARGET_NAME)";
				SWIFT_VERSION = 5.0;
				TARGETED_DEVICE_FAMILY = "1,2";
			};
			name = Debug;
		};
		B6EA399624EE191300A931E4 /* Release */ = {
			isa = XCBuildConfiguration;
			buildSettings = {
				ASSETCATALOG_COMPILER_APPICON_NAME = AppIcon;
				CODE_SIGN_STYLE = Automatic;
				INFOPLIST_FILE = TipCalculator/Info.plist;
				LD_RUNPATH_SEARCH_PATHS = (
					"$(inherited)",
					"@executable_path/Frameworks",
				);
				PRODUCT_BUNDLE_IDENTIFIER = SindhuRam.TipCalculator;
				PRODUCT_NAME = "$(TARGET_NAME)";
				SWIFT_VERSION = 5.0;
				TARGETED_DEVICE_FAMILY = "1,2";
			};
			name = Release;
		};
		B6EA399824EE191300A931E4 /* Debug */ = {
			isa = XCBuildConfiguration;
			buildSettings = {
				ALWAYS_EMBED_SWIFT_STANDARD_LIBRARIES = YES;
				BUNDLE_LOADER = "$(TEST_HOST)";
				CODE_SIGN_STYLE = Automatic;
				INFOPLIST_FILE = TipCalculatorTests/Info.plist;
				IPHONEOS_DEPLOYMENT_TARGET = 13.6;
				LD_RUNPATH_SEARCH_PATHS = (
					"$(inherited)",
					"@executable_path/Frameworks",
					"@loader_path/Frameworks",
				);
				PRODUCT_BUNDLE_IDENTIFIER = SindhuRam.TipCalculatorTests;
				PRODUCT_NAME = "$(TARGET_NAME)";
				SWIFT_VERSION = 5.0;
				TARGETED_DEVICE_FAMILY = "1,2";
				TEST_HOST = "$(BUILT_PRODUCTS_DIR)/TipCalculator.app/TipCalculator";
			};
			name = Debug;
		};
		B6EA399924EE191300A931E4 /* Release */ = {
			isa = XCBuildConfiguration;
			buildSettings = {
				ALWAYS_EMBED_SWIFT_STANDARD_LIBRARIES = YES;
				BUNDLE_LOADER = "$(TEST_HOST)";
				CODE_SIGN_STYLE = Automatic;
				INFOPLIST_FILE = TipCalculatorTests/Info.plist;
				IPHONEOS_DEPLOYMENT_TARGET = 13.6;
				LD_RUNPATH_SEARCH_PATHS = (
					"$(inherited)",
					"@executable_path/Frameworks",
					"@loader_path/Frameworks",
				);
				PRODUCT_BUNDLE_IDENTIFIER = SindhuRam.TipCalculatorTests;
				PRODUCT_NAME = "$(TARGET_NAME)";
				SWIFT_VERSION = 5.0;
				TARGETED_DEVICE_FAMILY = "1,2";
				TEST_HOST = "$(BUILT_PRODUCTS_DIR)/TipCalculator.app/TipCalculator";
			};
			name = Release;
		};
		B6EA399B24EE191300A931E4 /* Debug */ = {
			isa = XCBuildConfiguration;
			buildSettings = {
				ALWAYS_EMBED_SWIFT_STANDARD_LIBRARIES = YES;
				CODE_SIGN_STYLE = Automatic;
				INFOPLIST_FILE = TipCalculatorUITests/Info.plist;
				LD_RUNPATH_SEARCH_PATHS = (
					"$(inherited)",
					"@executable_path/Frameworks",
					"@loader_path/Frameworks",
				);
				PRODUCT_BUNDLE_IDENTIFIER = SindhuRam.TipCalculatorUITests;
				PRODUCT_NAME = "$(TARGET_NAME)";
				SWIFT_VERSION = 5.0;
				TARGETED_DEVICE_FAMILY = "1,2";
				TEST_TARGET_NAME = TipCalculator;
			};
			name = Debug;
		};
		B6EA399C24EE191300A931E4 /* Release */ = {
			isa = XCBuildConfiguration;
			buildSettings = {
				ALWAYS_EMBED_SWIFT_STANDARD_LIBRARIES = YES;
				CODE_SIGN_STYLE = Automatic;
				INFOPLIST_FILE = TipCalculatorUITests/Info.plist;
				LD_RUNPATH_SEARCH_PATHS = (
					"$(inherited)",
					"@executable_path/Frameworks",
					"@loader_path/Frameworks",
				);
				PRODUCT_BUNDLE_IDENTIFIER = SindhuRam.TipCalculatorUITests;
				PRODUCT_NAME = "$(TARGET_NAME)";
				SWIFT_VERSION = 5.0;
				TARGETED_DEVICE_FAMILY = "1,2";
				TEST_TARGET_NAME = TipCalculator;
			};
			name = Release;
		};
/* End XCBuildConfiguration section */

/* Begin XCConfigurationList section */
		B6EA396524EE191000A931E4 /* Build configuration list for PBXProject "TipCalculator" */ = {
			isa = XCConfigurationList;
			buildConfigurations = (
				B6EA399224EE191300A931E4 /* Debug */,
				B6EA399324EE191300A931E4 /* Release */,
			);
			defaultConfigurationIsVisible = 0;
			defaultConfigurationName = Release;
		};
		B6EA399424EE191300A931E4 /* Build configuration list for PBXNativeTarget "TipCalculator" */ = {
			isa = XCConfigurationList;
			buildConfigurations = (
				B6EA399524EE191300A931E4 /* Debug */,
				B6EA399624EE191300A931E4 /* Release */,
			);
			defaultConfigurationIsVisible = 0;
			defaultConfigurationName = Release;
		};
		B6EA399724EE191300A931E4 /* Build configuration list for PBXNativeTarget "TipCalculatorTests" */ = {
			isa = XCConfigurationList;
			buildConfigurations = (
				B6EA399824EE191300A931E4 /* Debug */,
				B6EA399924EE191300A931E4 /* Release */,
			);
			defaultConfigurationIsVisible = 0;
			defaultConfigurationName = Release;
		};
		B6EA399A24EE191300A931E4 /* Build configuration list for PBXNativeTarget "TipCalculatorUITests" */ = {
			isa = XCConfigurationList;
			buildConfigurations = (
				B6EA399B24EE191300A931E4 /* Debug */,
				B6EA399C24EE191300A931E4 /* Release */,
			);
			defaultConfigurationIsVisible = 0;
			defaultConfigurationName = Release;
		};
/* End XCConfigurationList section */
	};
	rootObject = B6EA396224EE191000A931E4 /* Project object */;
}
